<?xml version="1.0" encoding="utf-8"?>
<Project ToolsVersion="4.0" xmlns="http://schemas.microsoft.com/developer/msbuild/2003">
  <ItemGroup>
    <Filter Include="ソース ファイル">
      <UniqueIdentifier>{4FC737F1-C7A5-4376-A066-2A32D752A2FF}</UniqueIdentifier>
      <Extensions>cpp;c;cc;cxx;def;odl;idl;hpj;bat;asm;asmx</Extensions>
    </Filter>
    <Filter Include="ヘッダー ファイル">
      <UniqueIdentifier>{93995380-89BD-4b04-88EB-625FBE52EBFB}</UniqueIdentifier>
      <Extensions>h;hh;hpp;hxx;hm;inl;inc;xsd</Extensions>
    </Filter>
    <Filter Include="リソース ファイル">
      <UniqueIdentifier>{67DA6AB6-F800-4c08-8B7A-83BB121AAD01}</UniqueIdentifier>
      <Extensions>rc;ico;cur;bmp;dlg;rc2;rct;bin;rgs;gif;jpg;jpeg;jpe;resx;tiff;tif;png;wav;mfcribbon-ms</Extensions>
    </Filter>
    <Filter Include="Scene">
      <UniqueIdentifier>{09e362b8-1e66-4c79-974b-c757c62085e0}</UniqueIdentifier>
    </Filter>
    <Filter Include="Scene\PlayGame">
      <UniqueIdentifier>{05836f77-367d-4fba-9d9b-f1cbb771d950}</UniqueIdentifier>
    </Filter>
    <Filter Include="Generic">
      <UniqueIdentifier>{27f136cf-468c-4edf-acc6-3825ec5207dc}</UniqueIdentifier>
    </Filter>
    <Filter Include="Animation">
      <UniqueIdentifier>{7dc064fc-e52b-4b5f-9055-e1058e9d5422}</UniqueIdentifier>
    </Filter>
    <Filter Include="Input">
      <UniqueIdentifier>{77f4d637-ebc6-4d1a-81fd-c755befbe47d}</UniqueIdentifier>
    </Filter>
    <Filter Include="Input\Demo">
      <UniqueIdentifier>{532c15b2-ab2d-4cab-8ed1-1609a11b3fa4}</UniqueIdentifier>
    </Filter>
    <Filter Include="Input\Base">
      <UniqueIdentifier>{8c6109a5-4f7d-4c3c-a664-a742da52a436}</UniqueIdentifier>
    </Filter>
    <Filter Include="TextureManager">
      <UniqueIdentifier>{979692a0-84ec-48ee-8a06-0a66e59f3815}</UniqueIdentifier>
    </Filter>
    <Filter Include="Objects">
      <UniqueIdentifier>{b6757d82-3b73-45a2-83bd-fc3811457c72}</UniqueIdentifier>
    </Filter>
    <Filter Include="Objects\TinyTim">
      <UniqueIdentifier>{92f625b5-a01a-402e-a74f-118cdd98aead}</UniqueIdentifier>
    </Filter>
    <Filter Include="Objects\StoneFloor">
      <UniqueIdentifier>{e3c703a8-05e8-46d5-b4e2-849ac130afb6}</UniqueIdentifier>
    </Filter>
    <Filter Include="Particle">
      <UniqueIdentifier>{ef3ff4de-81f0-4b0c-8185-d34f98d5f11f}</UniqueIdentifier>
    </Filter>
    <Filter Include="Particle\Rain">
      <UniqueIdentifier>{3c6c4f6e-b707-4b64-b65e-f836b1694113}</UniqueIdentifier>
    </Filter>
    <Filter Include="Application">
      <UniqueIdentifier>{fb3e79ff-b0db-4450-8cbf-818ca15d664f}</UniqueIdentifier>
    </Filter>
  </ItemGroup>
  <ItemGroup>
    <ClCompile Include="main.cpp">
      <Filter>ソース ファイル</Filter>
    </ClCompile>
    <ClCompile Include="TinyTim.cpp">
      <Filter>Objects\TinyTim</Filter>
    </ClCompile>
    <ClCompile Include="ScenePlay.cpp">
      <Filter>Scene\PlayGame</Filter>
    </ClCompile>
    <ClCompile Include="Generic.cpp">
      <Filter>Generic</Filter>
    </ClCompile>
    <ClCompile Include="DxRaps.cpp">
      <Filter>ソース ファイル</Filter>
    </ClCompile>
    <ClCompile Include="InputManagerDemo.cpp">
      <Filter>Input\Demo</Filter>
    </ClCompile>
    <ClCompile Include="StoneFloor.cpp">
      <Filter>Objects\StoneFloor</Filter>
    </ClCompile>
    <ClCompile Include="Application.cpp">
      <Filter>Application</Filter>
    </ClCompile>
    <ClCompile Include="TextureManager.cpp">
      <Filter>TextureManager</Filter>
    </ClCompile>
  </ItemGroup>
  <ItemGroup>
    <ClInclude Include="SceneBase.h">
      <Filter>Scene</Filter>
    </ClInclude>
    <ClInclude Include="SceneManager.h">
      <Filter>Scene</Filter>
    </ClInclude>
    <ClInclude Include="TinyTim.h">
      <Filter>Objects\TinyTim</Filter>
    </ClInclude>
    <ClInclude Include="Particle_Rain.h">
      <Filter>Particle\Rain</Filter>
    </ClInclude>
    <ClInclude Include="ScenePlay.h">
      <Filter>Scene\PlayGame</Filter>
    </ClInclude>
    <ClInclude Include="Generic.h">
      <Filter>Generic</Filter>
    </ClInclude>
    <ClInclude Include="AnimationBase.h">
      <Filter>Animation</Filter>
    </ClInclude>
    <ClInclude Include="DxRaps.h">
      <Filter>ヘッダー ファイル</Filter>
    </ClInclude>
    <ClInclude Include="InputManagerDemo.h">
      <Filter>Input\Demo</Filter>
    </ClInclude>
    <ClInclude Include="InputManager.h">
      <Filter>Input\Base</Filter>
    </ClInclude>
    <ClInclude Include="TextureManager.h">
      <Filter>TextureManager</Filter>
    </ClInclude>
    <ClInclude Include="Objects.h">
      <Filter>Objects</Filter>
    </ClInclude>
    <ClInclude Include="StoneFloor.h">
      <Filter>Objects\StoneFloor</Filter>
    </ClInclude>
    <ClInclude Include="Application.h">
      <Filter>Application</Filter>
    </ClInclude>
  </ItemGroup>
</Project>